# Generated by pub
# See https://dart.dev/tools/pub/glossary#lockfile
packages:
  _flutterfire_internals:
    dependency: transitive
    description:
      name: _flutterfire_internals
      sha256: e1d4810cd162d842ab1578239a4279a2402d3c1731c1345286df027c830890f8
      url: "https://pub.dev"
    source: hosted
    version: "1.0.9"
  animated_toggle_switch:
    dependency: "direct main"
    description:
      name: animated_toggle_switch
      sha256: c23f68956e8f4e64c2c4d40a6b6b7e9ed3ab0521be9f653e968954f14070a1d0
      url: "https://pub.dev"
    source: hosted
    version: "0.5.2"
  archive:
    dependency: transitive
    description:
      name: archive
      sha256: ed7cc591a948744994714375caf9a2ce89e1d82e8243997c8a2994d57181c212
      url: "https://pub.dev"
    source: hosted
    version: "3.3.5"
  args:
    dependency: transitive
    description:
      name: args
      sha256: b003c3098049a51720352d219b0bb5f219b60fbfb68e7a4748139a06a5676515
      url: "https://pub.dev"
    source: hosted
    version: "2.3.1"
  async:
    dependency: transitive
    description:
      name: async
      sha256: bfe67ef28df125b7dddcea62755991f807aa39a2492a23e1550161692950bbe0
      url: "https://pub.dev"
    source: hosted
    version: "2.10.0"
  boolean_selector:
    dependency: transitive
    description:
      name: boolean_selector
      sha256: "6cfb5af12253eaf2b368f07bacc5a80d1301a071c73360d746b7f2e32d762c66"
      url: "https://pub.dev"
    source: hosted
    version: "2.1.1"
  characters:
    dependency: transitive
    description:
      name: characters
      sha256: e6a326c8af69605aec75ed6c187d06b349707a27fbff8222ca9cc2cff167975c
      url: "https://pub.dev"
    source: hosted
    version: "1.2.1"
  clock:
    dependency: transitive
    description:
      name: clock
      sha256: cb6d7f03e1de671e34607e909a7213e31d7752be4fb66a86d29fe1eb14bfb5cf
      url: "https://pub.dev"
    source: hosted
    version: "1.1.1"
  cloud_firestore:
    dependency: "direct main"
    description:
      name: cloud_firestore
      sha256: "456e55ca3ba38083efda3a9ef3432e3a43af0f13816caef8792428537f0562a2"
      url: "https://pub.dev"
    source: hosted
    version: "4.1.0"
  cloud_firestore_platform_interface:
    dependency: transitive
    description:
      name: cloud_firestore_platform_interface
      sha256: ea3d1d12d72ecaa58909d93e50aca53263d3bf06b904a7f0f1dcd5798941c09b
      url: "https://pub.dev"
    source: hosted
    version: "5.9.0"
  cloud_firestore_web:
    dependency: transitive
    description:
      name: cloud_firestore_web
      sha256: "3c9a77380e6a053129c2cb6dbe8ef1b708f4350ce0dad220d2c05cd68a2d467f"
      url: "https://pub.dev"
    source: hosted
    version: "3.1.0"
  collection:
    dependency: transitive
    description:
      name: collection
      sha256: cfc915e6923fe5ce6e153b0723c753045de46de1b4d63771530504004a45fae0
      url: "https://pub.dev"
    source: hosted
    version: "1.17.0"
  convert:
    dependency: transitive
    description:
      name: convert
      sha256: "0f08b14755d163f6e2134cb58222dd25ea2a2ee8a195e53983d57c075324d592"
      url: "https://pub.dev"
    source: hosted
    version: "3.1.1"
  crypto:
    dependency: transitive
    description:
      name: crypto
      sha256: aa274aa7774f8964e4f4f38cc994db7b6158dd36e9187aaceaddc994b35c6c67
      url: "https://pub.dev"
    source: hosted
    version: "3.0.2"
  csslib:
    dependency: transitive
    description:
      name: csslib
      sha256: b36c7f7e24c0bdf1bf9a3da461c837d1de64b9f8beb190c9011d8c72a3dfd745
      url: "https://pub.dev"
    source: hosted
    version: "0.17.2"
  cupertino_icons:
    dependency: "direct main"
    description:
      name: cupertino_icons
      sha256: e35129dc44c9118cee2a5603506d823bab99c68393879edb440e0090d07586be
      url: "https://pub.dev"
    source: hosted
    version: "1.0.5"
  device_info:
    dependency: transitive
    description:
      name: device_info
      sha256: f4a8156cb7b7480d969cb734907d18b333c8f0bc0b1ad0b342cdcecf30d62c48
      url: "https://pub.dev"
    source: hosted
    version: "2.0.3"
  device_info_platform_interface:
    dependency: transitive
    description:
      name: device_info_platform_interface
      sha256: b148e0bf9640145d09a4f8dea96614076f889e7f7f8b5ecab1c7e5c2dbc73c1b
      url: "https://pub.dev"
    source: hosted
    version: "2.0.1"
  diacritic:
    dependency: transitive
    description:
      name: diacritic
      sha256: c09a420e737dc036122121fea9f774767e95068f34a17894ee9db30c5bda3075
      url: "https://pub.dev"
    source: hosted
    version: "0.1.3"
  equatable:
    dependency: transitive
    description:
      name: equatable
      sha256: c2b87cb7756efdf69892005af546c56c0b5037f54d2a88269b4f347a505e3ca2
      url: "https://pub.dev"
    source: hosted
    version: "2.0.5"
  fake_async:
    dependency: transitive
    description:
      name: fake_async
      sha256: "511392330127add0b769b75a987850d136345d9227c6b94c96a04cf4a391bf78"
      url: "https://pub.dev"
    source: hosted
    version: "1.3.1"
  ffi:
    dependency: transitive
    description:
      name: ffi
      sha256: a38574032c5f1dd06c4aee541789906c12ccaab8ba01446e800d9c5b79c4a978
      url: "https://pub.dev"
    source: hosted
    version: "2.0.1"
  file:
    dependency: transitive
    description:
      name: file
      sha256: "1b92bec4fc2a72f59a8e15af5f52cd441e4a7860b49499d69dfa817af20e925d"
      url: "https://pub.dev"
    source: hosted
    version: "6.1.4"
  firebase_auth:
    dependency: "direct main"
    description:
      name: firebase_auth
      sha256: a0b2f3e19080e6143d9a8b42755efb7c97355ace3750239d4b699dc2ec518730
      url: "https://pub.dev"
    source: hosted
    version: "4.1.0"
  firebase_auth_platform_interface:
    dependency: transitive
    description:
      name: firebase_auth_platform_interface
      sha256: "89a7b894bd977a457f5f7f8b8aacf6246efa320444972e18cd0fe742737604a1"
      url: "https://pub.dev"
    source: hosted
    version: "6.11.0"
  firebase_auth_web:
    dependency: transitive
    description:
      name: firebase_auth_web
      sha256: a4562dbcc4e699cfeec4ac7d632156874fcc17b0c8756dd3654d331eeeaf0e09
      url: "https://pub.dev"
    source: hosted
    version: "5.1.0"
  firebase_core:
    dependency: "direct main"
    description:
      name: firebase_core
      sha256: "904bd270364cf4dfaf3c58dc6939c4c7ad26e2877d820dc295ade2cd589d70f3"
      url: "https://pub.dev"
    source: hosted
    version: "2.3.0"
  firebase_core_platform_interface:
    dependency: transitive
    description:
      name: firebase_core_platform_interface
      sha256: "5fab93f5b354648efa62e7cc829c90efb68c8796eecf87e0888cae2d5f3accd4"
      url: "https://pub.dev"
    source: hosted
    version: "4.5.2"
  firebase_core_web:
    dependency: transitive
    description:
      name: firebase_core_web
      sha256: a2acf43001a7fcd2997ce6b487b17666077be507d885c9941dd870a16aef3040
      url: "https://pub.dev"
    source: hosted
    version: "2.0.1"
  fl_chart:
    dependency: "direct main"
    description:
      name: fl_chart
      sha256: "749b3342ea3e95cbf61a0fec31a62606e837377b8b6d0caa7367a7ef80f38b7d"
      url: "https://pub.dev"
    source: hosted
    version: "0.55.2"
  flutter:
    dependency: "direct main"
    description: flutter
    source: sdk
    version: "0.0.0"
  flutter_lints:
    dependency: "direct dev"
    description:
      name: flutter_lints
      sha256: aeb0b80a8b3709709c9cc496cdc027c5b3216796bc0af0ce1007eaf24464fd4c
      url: "https://pub.dev"
    source: hosted
    version: "2.0.1"
  flutter_native_splash:
    dependency: "direct main"
    description:
      name: flutter_native_splash
      sha256: c21c5b236463268533a61b3e95506e3742f833abd9b20943f315c04e77d72014
      url: "https://pub.dev"
    source: hosted
    version: "2.2.15"
  flutter_signin_button:
    dependency: "direct main"
    description:
      name: flutter_signin_button
      sha256: a063ecc5d5308377e103c9c3a89084abf15fca4440636233af6a13abacd5dcae
      url: "https://pub.dev"
    source: hosted
    version: "2.0.0"
  flutter_svg:
    dependency: transitive
    description:
      name: flutter_svg
      sha256: "6ff9fa12892ae074092de2fa6a9938fb21dbabfdaa2ff57dc697ff912fc8d4b2"
      url: "https://pub.dev"
    source: hosted
    version: "1.1.6"
  flutter_svg_provider:
    dependency: "direct main"
    description:
      name: flutter_svg_provider
      sha256: cbb2d02fd9feb70fc30221fc36a7ee5347f1cceae6b0c99ab4fa011bbd9f1f7f
      url: "https://pub.dev"
    source: hosted
    version: "1.0.3"
  flutter_switch:
    dependency: "direct main"
    description:
      name: flutter_switch
      sha256: b91477f926bba135d2d203d7b24367492662d8d9c3aa6adb960b14c1087d3c41
      url: "https://pub.dev"
    source: hosted
    version: "0.3.2"
  flutter_test:
    dependency: "direct dev"
    description: flutter
    source: sdk
    version: "0.0.0"
  flutter_web_plugins:
    dependency: transitive
    description: flutter
    source: sdk
    version: "0.0.0"
  fluttericon:
    dependency: "direct main"
    description:
      name: fluttericon
      sha256: "252fa8043826e93d972a602497a260cb3d62b5aea6d045793e4381590f2c1e99"
      url: "https://pub.dev"
    source: hosted
    version: "2.0.0"
  fluttermoji:
    dependency: "direct main"
    description:
      name: fluttermoji
      sha256: ebc07618e7bd99fe802eebd89c4bb88062f58422dbe013f0660724142e6f44ca
      url: "https://pub.dev"
    source: hosted
    version: "1.0.1"
  font_awesome_flutter:
    dependency: transitive
    description:
      name: font_awesome_flutter
      sha256: "1f93e5799f0e6c882819e8393a05c6ca5226010f289190f2242ec19f3f0fdba5"
      url: "https://pub.dev"
    source: hosted
    version: "9.2.0"
  get:
    dependency: "direct main"
    description:
      name: get
      sha256: "2ba20a47c8f1f233bed775ba2dd0d3ac97b4cf32fc17731b3dfc672b06b0e92a"
      url: "https://pub.dev"
    source: hosted
    version: "4.6.5"
  google_fonts:
    dependency: "direct main"
    description:
      name: google_fonts
      sha256: "8f099045e2f2a30e4d4d0a35f40c6bc941a8f2ca0e10ad9d214ee9edd3f37483"
      url: "https://pub.dev"
    source: hosted
    version: "3.0.1"
  google_sign_in:
    dependency: "direct main"
    description:
      name: google_sign_in
      sha256: d3e31052ce068d0fe2eb9975ee4409266a044592cf67737ec230be07343c6bdf
      url: "https://pub.dev"
    source: hosted
    version: "5.4.2"
  google_sign_in_android:
    dependency: transitive
    description:
      name: google_sign_in_android
      sha256: "41187ee48f8f3f7588cb932a5ab3cc8c83f354d1d50c750f61b240efac1b33d2"
      url: "https://pub.dev"
    source: hosted
    version: "6.1.4"
  google_sign_in_ios:
    dependency: transitive
    description:
      name: google_sign_in_ios
      sha256: "1116aff5e87f89837b052a81abe6259be7c4dd418275786864d27b74cb2a4e70"
      url: "https://pub.dev"
    source: hosted
    version: "5.5.1"
  google_sign_in_platform_interface:
    dependency: transitive
    description:
      name: google_sign_in_platform_interface
      sha256: "61306213c76bb8170c3aa20017df296c0131c24d7f6c0cc7e2eeaeac34c9f457"
      url: "https://pub.dev"
    source: hosted
    version: "2.3.0"
  google_sign_in_web:
    dependency: transitive
    description:
      name: google_sign_in_web
      sha256: "5b35c221169a7b3e0fc15043ac09102ef542300ef92f2e1f05d5d8efde263af5"
      url: "https://pub.dev"
    source: hosted
    version: "0.10.2"
  html:
    dependency: transitive
    description:
      name: html
      sha256: d9793e10dbe0e6c364f4c59bf3e01fb33a9b2a674bc7a1081693dba0614b6269
      url: "https://pub.dev"
    source: hosted
    version: "0.15.1"
  http:
    dependency: "direct main"
    description:
      name: http
      sha256: "6aa2946395183537c8b880962d935877325d6a09a2867c3970c05c0fed6ac482"
      url: "https://pub.dev"
    source: hosted
    version: "0.13.5"
  http_parser:
    dependency: transitive
    description:
      name: http_parser
      sha256: db3060f22889f3d9d55f6a217565486737037eec3609f7f3eca4d0c67ee0d8a0
      url: "https://pub.dev"
    source: hosted
    version: "4.0.1"
  image:
    dependency: transitive
    description:
      name: image
      sha256: f6ffe2895e3c86c6ad5a27e6302cf807403463e397cb2f0c580f619ac2fa588b
      url: "https://pub.dev"
    source: hosted
    version: "3.2.2"
  intl:
    dependency: "direct main"
    description:
      name: intl
      sha256: "910f85bce16fb5c6f614e117efa303e85a1731bb0081edf3604a2ae6e9a3cc91"
      url: "https://pub.dev"
    source: hosted
    version: "0.17.0"
  js:
    dependency: transitive
    description:
      name: js
      sha256: "5528c2f391ededb7775ec1daa69e65a2d61276f7552de2b5f7b8d34ee9fd4ab7"
      url: "https://pub.dev"
    source: hosted
    version: "0.6.5"
  kartal:
    dependency: "direct main"
    description:
      name: kartal
      sha256: "827274a940216f0091df83f551dba8ee69a8285cdf49872ec16a651a682ba696"
      url: "https://pub.dev"
    source: hosted
    version: "2.5.1"
  line_awesome_flutter:
    dependency: "direct main"
    description:
      name: line_awesome_flutter
      sha256: "7e1beb342895d7da40d40047d193f8ecfd494355b399dc3d92912c31ccc4d808"
      url: "https://pub.dev"
    source: hosted
    version: "2.0.0"
  lints:
    dependency: transitive
    description:
      name: lints
      sha256: "5cfd6509652ff5e7fe149b6df4859e687fca9048437857cb2e65c8d780f396e3"
      url: "https://pub.dev"
    source: hosted
    version: "2.0.0"
  lottie:
    dependency: "direct main"
    description:
      name: lottie
      sha256: "9e3c5424008322b83b45c9adcfa4c96dc3e9306c7e82c0ba22fa189a40980cb5"
      url: "https://pub.dev"
    source: hosted
    version: "2.0.0"
  mask_text_input_formatter:
    dependency: transitive
    description:
      name: mask_text_input_formatter
      sha256: "19bb7809c3c2559277e95521b3ee421e1409eb2cc85efd2feb191696c92490f4"
      url: "https://pub.dev"
    source: hosted
    version: "2.4.0"
  matcher:
    dependency: transitive
    description:
      name: matcher
      sha256: "16db949ceee371e9b99d22f88fa3a73c4e59fd0afed0bd25fc336eb76c198b72"
      url: "https://pub.dev"
    source: hosted
    version: "0.12.13"
  material_color_utilities:
    dependency: transitive
    description:
      name: material_color_utilities
      sha256: d92141dc6fe1dad30722f9aa826c7fbc896d021d792f80678280601aff8cf724
      url: "https://pub.dev"
    source: hosted
    version: "0.2.0"
  meta:
    dependency: transitive
    description:
      name: meta
      sha256: "6c268b42ed578a53088d834796959e4a1814b5e9e164f147f580a386e5decf42"
      url: "https://pub.dev"
    source: hosted
    version: "1.8.0"
  mime:
    dependency: transitive
    description:
      name: mime
      sha256: dab22e92b41aa1255ea90ddc4bc2feaf35544fd0728e209638cad041a6e3928a
      url: "https://pub.dev"
    source: hosted
    version: "1.0.2"
  package_info_plus:
    dependency: transitive
    description:
      name: package_info_plus
      sha256: f62d7253edc197fe3c88d7c2ddab82d68f555e778d55390ccc3537eca8e8d637
      url: "https://pub.dev"
    source: hosted
    version: "1.4.3+1"
  package_info_plus_linux:
    dependency: transitive
    description:
      name: package_info_plus_linux
      sha256: "04b575f44233d30edbb80a94e57cad9107aada334fc02aabb42b6becd13c43fc"
      url: "https://pub.dev"
    source: hosted
    version: "1.0.5"
  package_info_plus_macos:
    dependency: transitive
    description:
      name: package_info_plus_macos
      sha256: a2ad8b4acf4cd479d4a0afa5a74ea3f5b1c7563b77e52cc32b3ee6956d5482a6
      url: "https://pub.dev"
    source: hosted
    version: "1.3.0"
  package_info_plus_platform_interface:
    dependency: transitive
    description:
      name: package_info_plus_platform_interface
      sha256: f7a0c8f1e7e981bc65f8b64137a53fd3c195b18d429fba960babc59a5a1c7ae8
      url: "https://pub.dev"
    source: hosted
    version: "1.0.2"
  package_info_plus_web:
    dependency: transitive
    description:
      name: package_info_plus_web
      sha256: f0829327eb534789e0a16ccac8936a80beed4e2401c4d3a74f3f39094a822d3b
      url: "https://pub.dev"
    source: hosted
    version: "1.0.6"
  package_info_plus_windows:
    dependency: transitive
    description:
      name: package_info_plus_windows
      sha256: "79524f11c42dd9078b96d797b3cf79c0a2883a50c4920dc43da8562c115089bc"
      url: "https://pub.dev"
    source: hosted
    version: "2.1.0"
  path:
    dependency: transitive
    description:
      name: path
      sha256: db9d4f58c908a4ba5953fcee2ae317c94889433e5024c27ce74a37f94267945b
      url: "https://pub.dev"
    source: hosted
    version: "1.8.2"
  path_drawing:
    dependency: transitive
    description:
      name: path_drawing
      sha256: bbb1934c0cbb03091af082a6389ca2080345291ef07a5fa6d6e078ba8682f977
      url: "https://pub.dev"
    source: hosted
    version: "1.0.1"
  path_parsing:
    dependency: transitive
    description:
      name: path_parsing
      sha256: e3e67b1629e6f7e8100b367d3db6ba6af4b1f0bb80f64db18ef1fbabd2fa9ccf
      url: "https://pub.dev"
    source: hosted
    version: "1.0.1"
  path_provider:
    dependency: transitive
    description:
      name: path_provider
      sha256: "050e8e85e4b7fecdf2bb3682c1c64c4887a183720c802d323de8a5fd76d372dd"
      url: "https://pub.dev"
    source: hosted
    version: "2.0.11"
  path_provider_android:
    dependency: transitive
    description:
      name: path_provider_android
      sha256: "4d5542667150f5b779ba411dd5dc0b674a85d1355e45bda2877e0e82f4ad08d8"
      url: "https://pub.dev"
    source: hosted
    version: "2.0.20"
  path_provider_ios:
    dependency: transitive
    description:
      name: path_provider_ios
      sha256: "03d639406f5343478352433f00d3c4394d52dac8df3d847869c5e2333e0bbce8"
      url: "https://pub.dev"
    source: hosted
    version: "2.0.11"
  path_provider_linux:
    dependency: transitive
    description:
      name: path_provider_linux
      sha256: ab0987bf95bc591da42dffb38c77398fc43309f0b9b894dcc5d6f40c4b26c379
      url: "https://pub.dev"
    source: hosted
    version: "2.1.7"
  path_provider_macos:
    dependency: transitive
    description:
      name: path_provider_macos
      sha256: "2a97e7fbb7ae9dcd0dfc1220a78e9ec3e71da691912e617e8715ff2a13086ae8"
      url: "https://pub.dev"
    source: hosted
    version: "2.0.6"
  path_provider_platform_interface:
    dependency: transitive
    description:
      name: path_provider_platform_interface
      sha256: f0abc8ebd7253741f05488b4813d936b4d07c6bae3e86148a09e342ee4b08e76
      url: "https://pub.dev"
    source: hosted
    version: "2.0.5"
  path_provider_windows:
    dependency: transitive
    description:
      name: path_provider_windows
      sha256: bcabbe399d4042b8ee687e17548d5d3f527255253b4a639f5f8d2094a9c2b45c
      url: "https://pub.dev"
    source: hosted
    version: "2.1.3"
  petitparser:
    dependency: transitive
    description:
      name: petitparser
      sha256: "2ebb289dc4764ec397f5cd3ca9881c6d17196130a7d646ed022a0dd9c2e25a71"
      url: "https://pub.dev"
    source: hosted
    version: "5.0.0"
  platform:
    dependency: transitive
    description:
      name: platform
      sha256: "4a451831508d7d6ca779f7ac6e212b4023dd5a7d08a27a63da33756410e32b76"
      url: "https://pub.dev"
    source: hosted
    version: "3.1.0"
  plugin_platform_interface:
    dependency: transitive
    description:
      name: plugin_platform_interface
      sha256: dbf0f707c78beedc9200146ad3cb0ab4d5da13c246336987be6940f026500d3a
      url: "https://pub.dev"
    source: hosted
    version: "2.1.3"
  pointycastle:
    dependency: transitive
    description:
      name: pointycastle
      sha256: db7306cf0249f838d1a24af52b5a5887c5bf7f31d8bb4e827d071dc0939ad346
      url: "https://pub.dev"
    source: hosted
    version: "3.6.2"
  process:
    dependency: transitive
    description:
      name: process
      sha256: "53fd8db9cec1d37b0574e12f07520d582019cb6c44abf5479a01505099a34a09"
      url: "https://pub.dev"
    source: hosted
    version: "4.2.4"
  quickalert:
    dependency: "direct main"
    description:
      name: quickalert
      sha256: "33a52870b2a87c55d0649d0cd228efaa2368d5df39231fdecebb71f349a9b221"
      url: "https://pub.dev"
    source: hosted
    version: "1.0.1"
  quiver:
    dependency: transitive
    description:
      name: quiver
      sha256: b1c1ac5ce6688d77f65f3375a9abb9319b3cb32486bdc7a1e0fdf004d7ba4e47
      url: "https://pub.dev"
    source: hosted
    version: "3.2.1"
  responsive_framework:
    dependency: "direct main"
    description:
      name: responsive_framework
      sha256: e083346029b008335b008274c4d3fac5b9e0ca8796f201ed20884f579101d584
      url: "https://pub.dev"
    source: hosted
    version: "0.2.0"
  rounded_expansion_tile:
    dependency: "direct main"
    description:
      name: rounded_expansion_tile
      sha256: "1431357a66112026b1799c8c87ab2ec20f86f9b4db9a4b500795d681719bbe54"
      url: "https://pub.dev"
    source: hosted
    version: "0.0.13"
  scrollable_positioned_list:
    dependency: transitive
    description:
      name: scrollable_positioned_list
      sha256: ca7fcaa743db712d4f7b1580526f494d0093c77a721a65705ee51fbeac7a2bd3
      url: "https://pub.dev"
    source: hosted
    version: "0.3.5"
  share:
    dependency: transitive
    description:
      name: share
      sha256: "97e6403f564ed1051a01534c2fc919cb6e40ea55e60a18ec23cee6e0ce19f4be"
      url: "https://pub.dev"
    source: hosted
    version: "2.0.4"
  shared_preferences:
    dependency: "direct main"
    description:
      name: shared_preferences
      sha256: "76917b7d4b9526b2ba416808a7eb9fb2863c1a09cf63ec85f1453da240fa818a"
      url: "https://pub.dev"
    source: hosted
    version: "2.0.15"
  shared_preferences_android:
    dependency: transitive
    description:
      name: shared_preferences_android
      sha256: "8e251f3c986002b65fed6396bce81f379fb63c27317d49743cf289fd0fd1ab97"
      url: "https://pub.dev"
    source: hosted
    version: "2.0.14"
  shared_preferences_ios:
    dependency: transitive
    description:
      name: shared_preferences_ios
      sha256: "585a14cefec7da8c9c2fb8cd283a3bb726b4155c0952afe6a0caaa7b2272de34"
      url: "https://pub.dev"
    source: hosted
    version: "2.1.1"
  shared_preferences_linux:
    dependency: transitive
    description:
      name: shared_preferences_linux
      sha256: fbc3cd6826896b66a5f576b025e4f344f780c84ea7f8203097a353370607a2c8
      url: "https://pub.dev"
    source: hosted
    version: "2.1.2"
  shared_preferences_macos:
    dependency: transitive
    description:
      name: shared_preferences_macos
      sha256: fbb94bf296576f49be37a1496d5951796211a8db0aa22cc0d68c46440dad808c
      url: "https://pub.dev"
    source: hosted
    version: "2.0.4"
  shared_preferences_platform_interface:
    dependency: transitive
    description:
      name: shared_preferences_platform_interface
      sha256: da9431745ede5ece47bc26d5d73a9d3c6936ef6945c101a5aca46f62e52c1cf3
      url: "https://pub.dev"
    source: hosted
    version: "2.1.0"
  shared_preferences_web:
    dependency: transitive
    description:
      name: shared_preferences_web
      sha256: a4b5bc37fe1b368bbc81f953197d55e12f49d0296e7e412dfe2d2d77d6929958
      url: "https://pub.dev"
    source: hosted
    version: "2.0.4"
  shared_preferences_windows:
    dependency: transitive
    description:
      name: shared_preferences_windows
      sha256: "07c274c2115d4d5e4280622abb09f0980e2c5b1fcdc98ae9f59a3bad5bfc1f26"
      url: "https://pub.dev"
    source: hosted
    version: "2.1.2"
  sky_engine:
    dependency: transitive
    description: flutter
    source: sdk
    version: "0.0.99"
  source_span:
    dependency: transitive
    description:
      name: source_span
      sha256: dd904f795d4b4f3b870833847c461801f6750a9fa8e61ea5ac53f9422b31f250
      url: "https://pub.dev"
    source: hosted
    version: "1.9.1"
  stack_trace:
    dependency: transitive
    description:
      name: stack_trace
      sha256: c3c7d8edb15bee7f0f74debd4b9c5f3c2ea86766fe4178eb2a18eb30a0bdaed5
      url: "https://pub.dev"
    source: hosted
    version: "1.11.0"
  sticky_grouped_list:
    dependency: "direct main"
    description:
      name: sticky_grouped_list
      sha256: "40398cb90321f07cbdbdd3049c27a5f048bd75a13abb19453b07a956f53a0eda"
      url: "https://pub.dev"
    source: hosted
    version: "3.1.0"
  stream_channel:
    dependency: transitive
    description:
      name: stream_channel
      sha256: "83615bee9045c1d322bbbd1ba209b7a749c2cbcdcb3fdd1df8eb488b3279c1c8"
      url: "https://pub.dev"
    source: hosted
    version: "2.1.1"
  string_scanner:
    dependency: transitive
    description:
      name: string_scanner
      sha256: "556692adab6cfa87322a115640c11f13cb77b3f076ddcc5d6ae3c20242bedcde"
      url: "https://pub.dev"
    source: hosted
    version: "1.2.0"
  syncfusion_flutter_core:
    dependency: "direct main"
    description:
      name: syncfusion_flutter_core
      sha256: "5ade7463887e45e91df497a071fe3a77c0cebfad81304d47fc1e1b5e886df19f"
      url: "https://pub.dev"
    source: hosted
    version: "21.1.38"
  syncfusion_flutter_gauges:
    dependency: "direct main"
    description:
      name: syncfusion_flutter_gauges
      sha256: "36aa6ec595eea698fcf7fd37b0201dfe1d1a3a2a620f69a250f8e0203a1414b8"
      url: "https://pub.dev"
    source: hosted
    version: "21.1.38"
  syncfusion_flutter_sliders:
    dependency: "direct main"
    description:
      name: syncfusion_flutter_sliders
      sha256: d177e0c365701c49c3a953495afa42c6847a16bec837e871056f8ca41a37b284
      url: "https://pub.dev"
    source: hosted
    version: "21.1.38"
  tab_indicator_styler:
    dependency: "direct main"
    description:
      name: tab_indicator_styler
      sha256: "9e7e90367e20f71f3882fc6578fdcced35ab1c66ab20fcb623cdcc20d2796c76"
      url: "https://pub.dev"
    source: hosted
    version: "2.0.0"
  term_glyph:
    dependency: transitive
    description:
      name: term_glyph
      sha256: a29248a84fbb7c79282b40b8c72a1209db169a2e0542bce341da992fe1bc7e84
      url: "https://pub.dev"
    source: hosted
    version: "1.2.1"
  test_api:
    dependency: transitive
    description:
      name: test_api
      sha256: ad540f65f92caa91bf21dfc8ffb8c589d6e4dc0c2267818b4cc2792857706206
      url: "https://pub.dev"
    source: hosted
    version: "0.4.16"
  typed_data:
    dependency: transitive
    description:
      name: typed_data
      sha256: "26f87ade979c47a150c9eaab93ccd2bebe70a27dc0b4b29517f2904f04eb11a5"
      url: "https://pub.dev"
    source: hosted
    version: "1.3.1"
  universal_io:
    dependency: transitive
    description:
      name: universal_io
      sha256: "79f78ddad839ee3aae3ec7c01eb4575faf0d5c860f8e5223bc9f9c17f7f03cef"
      url: "https://pub.dev"
    source: hosted
    version: "2.0.4"
  url_launcher:
    dependency: transitive
    description:
      name: url_launcher
      sha256: "568176fc8ab5ac1d88ff0db8ff28659d103851670dda55e83b485664c2309299"
      url: "https://pub.dev"
    source: hosted
    version: "6.1.6"
  url_launcher_android:
    dependency: transitive
    description:
      name: url_launcher_android
      sha256: "9e262cbec69233717d5198f4d0b0c4961fa027e3685ba425442c43c64f38bb9b"
      url: "https://pub.dev"
    source: hosted
    version: "6.0.19"
  url_launcher_ios:
    dependency: transitive
    description:
      name: url_launcher_ios
      sha256: "6ba7dddee26c9fae27c9203c424631109d73c8fa26cfa7bc3e35e751cb87f62e"
      url: "https://pub.dev"
    source: hosted
    version: "6.0.17"
  url_launcher_linux:
    dependency: transitive
    description:
      name: url_launcher_linux
      sha256: "360fa359ab06bcb4f7c5cd3123a2a9a4d3364d4575d27c4b33468bd4497dd094"
      url: "https://pub.dev"
    source: hosted
    version: "3.0.1"
  url_launcher_macos:
    dependency: transitive
    description:
      name: url_launcher_macos
      sha256: a9b3ea9043eabfaadfa3fb89de67a11210d85569086d22b3854484beab8b3978
      url: "https://pub.dev"
    source: hosted
    version: "3.0.1"
  url_launcher_platform_interface:
    dependency: transitive
    description:
      name: url_launcher_platform_interface
      sha256: "4eae912628763eb48fc214522e58e942fd16ce195407dbf45638239523c759a6"
      url: "https://pub.dev"
    source: hosted
    version: "2.1.1"
  url_launcher_web:
    dependency: transitive
    description:
      name: url_launcher_web
      sha256: "5669882643b96bb6d5786637cac727c6e918a790053b09245fd4513b8a07df2a"
      url: "https://pub.dev"
    source: hosted
    version: "2.0.13"
  url_launcher_windows:
    dependency: transitive
    description:
      name: url_launcher_windows
      sha256: e3c3b16d3104260c10eea3b0e34272aaa57921f83148b0619f74c2eced9b7ef1
      url: "https://pub.dev"
    source: hosted
    version: "3.0.1"
  vector_math:
    dependency: transitive
    description:
      name: vector_math
      sha256: "80b3257d1492ce4d091729e3a67a60407d227c27241d6927be0130c98e741803"
      url: "https://pub.dev"
    source: hosted
    version: "2.1.4"
  win32:
    dependency: transitive
    description:
      name: win32
      sha256: "1952a663c0e34fbde55916010d54bbb249bf5f2583113c497602f0ee01c6faa4"
      url: "https://pub.dev"
    source: hosted
    version: "3.0.0"
  xdg_directories:
    dependency: transitive
    description:
      name: xdg_directories
      sha256: "11541eedefbcaec9de35aa82650b695297ce668662bbd6e3911a7fabdbde589f"
      url: "https://pub.dev"
    source: hosted
    version: "0.2.0+2"
  xml:
    dependency: transitive
    description:
      name: xml
      sha256: ac0e3f4bf00ba2708c33fbabbbe766300e509f8c82dbd4ab6525039813f7e2fb
      url: "https://pub.dev"
    source: hosted
    version: "6.1.0"
  yaml:
    dependency: transitive
    description:
      name: yaml
      sha256: "23812a9b125b48d4007117254bca50abb6c712352927eece9e155207b1db2370"
      url: "https://pub.dev"
    source: hosted
    version: "3.1.1"
sdks:
  dart: ">=2.18.2 <3.0.0"
  flutter: ">=3.3.0"
